
Microsoft Visual Studio Solution File, Format Version 12.00
# Visual Studio Version 17
VisualStudioVersion = 17.4.33122.133
MinimumVisualStudioVersion = 10.0.40219.1
Project("{9A19103F-16F7-4668-BE54-9A1E7A4F7556}") = "Listas", "Listas\Listas.csproj", "{D317AF18-5B74-4939-80C6-C42F98EEF4DC}"
EndProject
Project("{9A19103F-16F7-4668-BE54-9A1E7A4F7556}") = "Linq", "Linq\Linq.csproj", "{3FA5DF80-1C13-4A1C-BFB6-089CC63B1641}"
EndProject
Project("{9A19103F-16F7-4668-BE54-9A1E7A4F7556}") = "LinqLibros", "LinqLibros\LinqLibros.csproj", "{47A6B23C-AF61-40E3-8DC0-B429BBFA574A}"
EndProject
Project("{9A19103F-16F7-4668-BE54-9A1E7A4F7556}") = "LinqAlumnosProfesores", "LinqAlumnosProfesores\LinqAlumnosProfesores.csproj", "{EAC7672F-CF9C-43C5-8B97-C791B0873913}"
EndProject
Project("{9A19103F-16F7-4668-BE54-9A1E7A4F7556}") = "LinqCompleto", "LinqCompleto\LinqCompleto.csproj", "{6E03462D-20D6-442D-BB38-83006A790CFF}"
EndProject
Project("{FAE04EC0-301F-11D3-BF4B-00C04F79EFBC}") = "LinqVentas", "LinqVentas\LinqVentas.csproj", "{6E6F4631-268A-400D-BC89-112662ABC4CF}"
EndProject
Global
	GlobalSection(SolutionConfigurationPlatforms) = preSolution
		Debug|Any CPU = Debug|Any CPU
		Release|Any CPU = Release|Any CPU
	EndGlobalSection
	GlobalSection(ProjectConfigurationPlatforms) = postSolution
		{D317AF18-5B74-4939-80C6-C42F98EEF4DC}.Debug|Any CPU.ActiveCfg = Debug|Any CPU
		{D317AF18-5B74-4939-80C6-C42F98EEF4DC}.Debug|Any CPU.Build.0 = Debug|Any CPU
		{D317AF18-5B74-4939-80C6-C42F98EEF4DC}.Release|Any CPU.ActiveCfg = Release|Any CPU
		{D317AF18-5B74-4939-80C6-C42F98EEF4DC}.Release|Any CPU.Build.0 = Release|Any CPU
		{3FA5DF80-1C13-4A1C-BFB6-089CC63B1641}.Debug|Any CPU.ActiveCfg = Debug|Any CPU
		{3FA5DF80-1C13-4A1C-BFB6-089CC63B1641}.Debug|Any CPU.Build.0 = Debug|Any CPU
		{3FA5DF80-1C13-4A1C-BFB6-089CC63B1641}.Release|Any CPU.ActiveCfg = Release|Any CPU
		{3FA5DF80-1C13-4A1C-BFB6-089CC63B1641}.Release|Any CPU.Build.0 = Release|Any CPU
		{47A6B23C-AF61-40E3-8DC0-B429BBFA574A}.Debug|Any CPU.ActiveCfg = Debug|Any CPU
		{47A6B23C-AF61-40E3-8DC0-B429BBFA574A}.Debug|Any CPU.Build.0 = Debug|Any CPU
		{47A6B23C-AF61-40E3-8DC0-B429BBFA574A}.Release|Any CPU.ActiveCfg = Release|Any CPU
		{47A6B23C-AF61-40E3-8DC0-B429BBFA574A}.Release|Any CPU.Build.0 = Release|Any CPU
		{EAC7672F-CF9C-43C5-8B97-C791B0873913}.Debug|Any CPU.ActiveCfg = Debug|Any CPU
		{EAC7672F-CF9C-43C5-8B97-C791B0873913}.Debug|Any CPU.Build.0 = Debug|Any CPU
		{EAC7672F-CF9C-43C5-8B97-C791B0873913}.Release|Any CPU.ActiveCfg = Release|Any CPU
		{EAC7672F-CF9C-43C5-8B97-C791B0873913}.Release|Any CPU.Build.0 = Release|Any CPU
		{6E03462D-20D6-442D-BB38-83006A790CFF}.Debug|Any CPU.ActiveCfg = Debug|Any CPU
		{6E03462D-20D6-442D-BB38-83006A790CFF}.Debug|Any CPU.Build.0 = Debug|Any CPU
		{6E03462D-20D6-442D-BB38-83006A790CFF}.Release|Any CPU.ActiveCfg = Release|Any CPU
		{6E03462D-20D6-442D-BB38-83006A790CFF}.Release|Any CPU.Build.0 = Release|Any CPU
		{6E6F4631-268A-400D-BC89-112662ABC4CF}.Debug|Any CPU.ActiveCfg = Debug|Any CPU
		{6E6F4631-268A-400D-BC89-112662ABC4CF}.Debug|Any CPU.Build.0 = Debug|Any CPU
		{6E6F4631-268A-400D-BC89-112662ABC4CF}.Release|Any CPU.ActiveCfg = Release|Any CPU
		{6E6F4631-268A-400D-BC89-112662ABC4CF}.Release|Any CPU.Build.0 = Release|Any CPU
	EndGlobalSection
	GlobalSection(SolutionProperties) = preSolution
		HideSolutionNode = FALSE
	EndGlobalSection
	GlobalSection(ExtensibilityGlobals) = postSolution
		SolutionGuid = {B62DF961-D814-40DE-A269-5B1440B3991F}
	EndGlobalSection
EndGlobal
