
Microsoft Visual Studio Solution File, Format Version 12.00
# Visual Studio Version 17
VisualStudioVersion = 17.4.33122.133
MinimumVisualStudioVersion = 10.0.40219.1
Project("{9A19103F-16F7-4668-BE54-9A1E7A4F7556}") = "Listas", "Listas\Listas.csproj", "{D317AF18-5B74-4939-80C6-C42F98EEF4DC}"
EndProject
Project("{9A19103F-16F7-4668-BE54-9A1E7A4F7556}") = "Linq", "Linq\Linq.csproj", "{3FA5DF80-1C13-4A1C-BFB6-089CC63B1641}"
EndProject
Project("{9A19103F-16F7-4668-BE54-9A1E7A4F7556}") = "LinqLibros", "LinqLibros\LinqLibros.csproj", "{47A6B23C-AF61-40E3-8DC0-B429BBFA574A}"
EndProject
Project("{9A19103F-16F7-4668-BE54-9A1E7A4F7556}") = "LinqAlumnosProfesores", "LinqAlumnosProfesores\LinqAlumnosProfesores.csproj", "{EAC7672F-CF9C-43C5-8B97-C791B0873913}"
EndProject
Project("{9A19103F-16F7-4668-BE54-9A1E7A4F7556}") = "LinqCompleto", "LinqCompleto\LinqCompleto.csproj", "{6E03462D-20D6-442D-BB38-83006A790CFF}"
EndProject
Project("{9A19103F-16F7-4668-BE54-9A1E7A4F7556}") = "LinqVentas", "LinqVentas\LinqVentas.csproj", "{6E6F4631-268A-400D-BC89-112662ABC4CF}"
EndProject
Project("{9A19103F-16F7-4668-BE54-9A1E7A4F7556}") = "Bootcamp.DataAccess", "Bootcamp.DataAccess\Bootcamp.DataAccess.csproj", "{8843F718-F0A1-4A61-9123-2A8A79FD239C}"
EndProject
Project("{2150E333-8FDC-42A3-9474-1A3956D46DE8}") = "LinqEjercicios", "LinqEjercicios", "{BFBFFAF4-3071-4BC5-A0A1-CBAF2DF60980}"
EndProject
Project("{2150E333-8FDC-42A3-9474-1A3956D46DE8}") = "API", "API", "{06734593-8A87-4130-9322-90FA88853074}"
EndProject
Project("{2150E333-8FDC-42A3-9474-1A3956D46DE8}") = "1 - Distributed Services", "1 - Distributed Services", "{1B638153-4AB5-4E13-8CE1-4066A0EF12D1}"
EndProject
Project("{2150E333-8FDC-42A3-9474-1A3956D46DE8}") = "2 - Application", "2 - Application", "{5660514F-9E1C-4E08-91FF-BFF7DFB9172D}"
EndProject
Project("{2150E333-8FDC-42A3-9474-1A3956D46DE8}") = "3 - Bussines", "3 - Bussines", "{83F98517-2B9D-4858-BB50-8E9BAE46C2CF}"
EndProject
Project("{2150E333-8FDC-42A3-9474-1A3956D46DE8}") = "4 - DataAccess", "4 - DataAccess", "{96C49394-3A4F-4AF2-A2E6-CEF83400FC9A}"
EndProject
Project("{2150E333-8FDC-42A3-9474-1A3956D46DE8}") = "5 - Cross-Cutting", "5 - Cross-Cutting", "{905839FF-6F27-44BA-A5BD-BF1B9F530E16}"
EndProject
Project("{9A19103F-16F7-4668-BE54-9A1E7A4F7556}") = "Bootcamp.DataAccess.Contracts", "Bootcamp.DataAccess.Contracts\Bootcamp.DataAccess.Contracts.csproj", "{8DD5E040-77FE-4CD4-8BA6-553BE0482670}"
EndProject
Project("{9A19103F-16F7-4668-BE54-9A1E7A4F7556}") = "Bootcamp.BusinessModels", "Bootcamp.BusinessModels\Bootcamp.BusinessModels.csproj", "{396096A0-D86A-46DC-BF71-153D2811BFF6}"
EndProject
Project("{9A19103F-16F7-4668-BE54-9A1E7A4F7556}") = "Bootcamp.Application", "Bootcamp.Application\Bootcamp.Application.csproj", "{CEC9C368-E0D9-4020-8547-46AC9049AFEA}"
EndProject
Project("{9A19103F-16F7-4668-BE54-9A1E7A4F7556}") = "Bootcamp.Application.Contracts", "Bootcamp.Application.Contracts\Bootcamp.Application.Contracts.csproj", "{AE5CC4A6-A645-4E8C-9CAA-20E13892E547}"
EndProject
Project("{9A19103F-16F7-4668-BE54-9A1E7A4F7556}") = "Bootcamp.CrossCutting", "Bootcamp.CrossCutting\Bootcamp.CrossCutting.csproj", "{2DDC24E6-340E-4548-88CC-6F57DEDDF2B8}"
EndProject
Project("{9A19103F-16F7-4668-BE54-9A1E7A4F7556}") = "Bootcamp.API", "Bootcamp.API\Bootcamp.API.csproj", "{4BB9332F-25EF-4A61-9779-220B8583F0D3}"
EndProject
Global
	GlobalSection(SolutionConfigurationPlatforms) = preSolution
		Debug|Any CPU = Debug|Any CPU
		Release|Any CPU = Release|Any CPU
	EndGlobalSection
	GlobalSection(ProjectConfigurationPlatforms) = postSolution
		{D317AF18-5B74-4939-80C6-C42F98EEF4DC}.Debug|Any CPU.ActiveCfg = Debug|Any CPU
		{D317AF18-5B74-4939-80C6-C42F98EEF4DC}.Debug|Any CPU.Build.0 = Debug|Any CPU
		{D317AF18-5B74-4939-80C6-C42F98EEF4DC}.Release|Any CPU.ActiveCfg = Release|Any CPU
		{D317AF18-5B74-4939-80C6-C42F98EEF4DC}.Release|Any CPU.Build.0 = Release|Any CPU
		{3FA5DF80-1C13-4A1C-BFB6-089CC63B1641}.Debug|Any CPU.ActiveCfg = Debug|Any CPU
		{3FA5DF80-1C13-4A1C-BFB6-089CC63B1641}.Debug|Any CPU.Build.0 = Debug|Any CPU
		{3FA5DF80-1C13-4A1C-BFB6-089CC63B1641}.Release|Any CPU.ActiveCfg = Release|Any CPU
		{3FA5DF80-1C13-4A1C-BFB6-089CC63B1641}.Release|Any CPU.Build.0 = Release|Any CPU
		{47A6B23C-AF61-40E3-8DC0-B429BBFA574A}.Debug|Any CPU.ActiveCfg = Debug|Any CPU
		{47A6B23C-AF61-40E3-8DC0-B429BBFA574A}.Debug|Any CPU.Build.0 = Debug|Any CPU
		{47A6B23C-AF61-40E3-8DC0-B429BBFA574A}.Release|Any CPU.ActiveCfg = Release|Any CPU
		{47A6B23C-AF61-40E3-8DC0-B429BBFA574A}.Release|Any CPU.Build.0 = Release|Any CPU
		{EAC7672F-CF9C-43C5-8B97-C791B0873913}.Debug|Any CPU.ActiveCfg = Debug|Any CPU
		{EAC7672F-CF9C-43C5-8B97-C791B0873913}.Debug|Any CPU.Build.0 = Debug|Any CPU
		{EAC7672F-CF9C-43C5-8B97-C791B0873913}.Release|Any CPU.ActiveCfg = Release|Any CPU
		{EAC7672F-CF9C-43C5-8B97-C791B0873913}.Release|Any CPU.Build.0 = Release|Any CPU
		{6E03462D-20D6-442D-BB38-83006A790CFF}.Debug|Any CPU.ActiveCfg = Debug|Any CPU
		{6E03462D-20D6-442D-BB38-83006A790CFF}.Debug|Any CPU.Build.0 = Debug|Any CPU
		{6E03462D-20D6-442D-BB38-83006A790CFF}.Release|Any CPU.ActiveCfg = Release|Any CPU
		{6E03462D-20D6-442D-BB38-83006A790CFF}.Release|Any CPU.Build.0 = Release|Any CPU
		{6E6F4631-268A-400D-BC89-112662ABC4CF}.Debug|Any CPU.ActiveCfg = Debug|Any CPU
		{6E6F4631-268A-400D-BC89-112662ABC4CF}.Debug|Any CPU.Build.0 = Debug|Any CPU
		{6E6F4631-268A-400D-BC89-112662ABC4CF}.Release|Any CPU.ActiveCfg = Release|Any CPU
		{6E6F4631-268A-400D-BC89-112662ABC4CF}.Release|Any CPU.Build.0 = Release|Any CPU
		{8843F718-F0A1-4A61-9123-2A8A79FD239C}.Debug|Any CPU.ActiveCfg = Debug|Any CPU
		{8843F718-F0A1-4A61-9123-2A8A79FD239C}.Debug|Any CPU.Build.0 = Debug|Any CPU
		{8843F718-F0A1-4A61-9123-2A8A79FD239C}.Release|Any CPU.ActiveCfg = Release|Any CPU
		{8843F718-F0A1-4A61-9123-2A8A79FD239C}.Release|Any CPU.Build.0 = Release|Any CPU
		{8DD5E040-77FE-4CD4-8BA6-553BE0482670}.Debug|Any CPU.ActiveCfg = Debug|Any CPU
		{8DD5E040-77FE-4CD4-8BA6-553BE0482670}.Debug|Any CPU.Build.0 = Debug|Any CPU
		{8DD5E040-77FE-4CD4-8BA6-553BE0482670}.Release|Any CPU.ActiveCfg = Release|Any CPU
		{8DD5E040-77FE-4CD4-8BA6-553BE0482670}.Release|Any CPU.Build.0 = Release|Any CPU
		{396096A0-D86A-46DC-BF71-153D2811BFF6}.Debug|Any CPU.ActiveCfg = Debug|Any CPU
		{396096A0-D86A-46DC-BF71-153D2811BFF6}.Debug|Any CPU.Build.0 = Debug|Any CPU
		{396096A0-D86A-46DC-BF71-153D2811BFF6}.Release|Any CPU.ActiveCfg = Release|Any CPU
		{396096A0-D86A-46DC-BF71-153D2811BFF6}.Release|Any CPU.Build.0 = Release|Any CPU
		{CEC9C368-E0D9-4020-8547-46AC9049AFEA}.Debug|Any CPU.ActiveCfg = Debug|Any CPU
		{CEC9C368-E0D9-4020-8547-46AC9049AFEA}.Debug|Any CPU.Build.0 = Debug|Any CPU
		{CEC9C368-E0D9-4020-8547-46AC9049AFEA}.Release|Any CPU.ActiveCfg = Release|Any CPU
		{CEC9C368-E0D9-4020-8547-46AC9049AFEA}.Release|Any CPU.Build.0 = Release|Any CPU
		{AE5CC4A6-A645-4E8C-9CAA-20E13892E547}.Debug|Any CPU.ActiveCfg = Debug|Any CPU
		{AE5CC4A6-A645-4E8C-9CAA-20E13892E547}.Debug|Any CPU.Build.0 = Debug|Any CPU
		{AE5CC4A6-A645-4E8C-9CAA-20E13892E547}.Release|Any CPU.ActiveCfg = Release|Any CPU
		{AE5CC4A6-A645-4E8C-9CAA-20E13892E547}.Release|Any CPU.Build.0 = Release|Any CPU
		{2DDC24E6-340E-4548-88CC-6F57DEDDF2B8}.Debug|Any CPU.ActiveCfg = Debug|Any CPU
		{2DDC24E6-340E-4548-88CC-6F57DEDDF2B8}.Debug|Any CPU.Build.0 = Debug|Any CPU
		{2DDC24E6-340E-4548-88CC-6F57DEDDF2B8}.Release|Any CPU.ActiveCfg = Release|Any CPU
		{2DDC24E6-340E-4548-88CC-6F57DEDDF2B8}.Release|Any CPU.Build.0 = Release|Any CPU
		{4BB9332F-25EF-4A61-9779-220B8583F0D3}.Debug|Any CPU.ActiveCfg = Debug|Any CPU
		{4BB9332F-25EF-4A61-9779-220B8583F0D3}.Debug|Any CPU.Build.0 = Debug|Any CPU
		{4BB9332F-25EF-4A61-9779-220B8583F0D3}.Release|Any CPU.ActiveCfg = Release|Any CPU
		{4BB9332F-25EF-4A61-9779-220B8583F0D3}.Release|Any CPU.Build.0 = Release|Any CPU
	EndGlobalSection
	GlobalSection(SolutionProperties) = preSolution
		HideSolutionNode = FALSE
	EndGlobalSection
	GlobalSection(NestedProjects) = preSolution
		{3FA5DF80-1C13-4A1C-BFB6-089CC63B1641} = {BFBFFAF4-3071-4BC5-A0A1-CBAF2DF60980}
		{47A6B23C-AF61-40E3-8DC0-B429BBFA574A} = {BFBFFAF4-3071-4BC5-A0A1-CBAF2DF60980}
		{EAC7672F-CF9C-43C5-8B97-C791B0873913} = {BFBFFAF4-3071-4BC5-A0A1-CBAF2DF60980}
		{6E03462D-20D6-442D-BB38-83006A790CFF} = {BFBFFAF4-3071-4BC5-A0A1-CBAF2DF60980}
		{6E6F4631-268A-400D-BC89-112662ABC4CF} = {BFBFFAF4-3071-4BC5-A0A1-CBAF2DF60980}
		{8843F718-F0A1-4A61-9123-2A8A79FD239C} = {96C49394-3A4F-4AF2-A2E6-CEF83400FC9A}
		{1B638153-4AB5-4E13-8CE1-4066A0EF12D1} = {06734593-8A87-4130-9322-90FA88853074}
		{5660514F-9E1C-4E08-91FF-BFF7DFB9172D} = {06734593-8A87-4130-9322-90FA88853074}
		{83F98517-2B9D-4858-BB50-8E9BAE46C2CF} = {06734593-8A87-4130-9322-90FA88853074}
		{96C49394-3A4F-4AF2-A2E6-CEF83400FC9A} = {06734593-8A87-4130-9322-90FA88853074}
		{905839FF-6F27-44BA-A5BD-BF1B9F530E16} = {06734593-8A87-4130-9322-90FA88853074}
		{8DD5E040-77FE-4CD4-8BA6-553BE0482670} = {96C49394-3A4F-4AF2-A2E6-CEF83400FC9A}
		{396096A0-D86A-46DC-BF71-153D2811BFF6} = {83F98517-2B9D-4858-BB50-8E9BAE46C2CF}
		{CEC9C368-E0D9-4020-8547-46AC9049AFEA} = {5660514F-9E1C-4E08-91FF-BFF7DFB9172D}
		{AE5CC4A6-A645-4E8C-9CAA-20E13892E547} = {5660514F-9E1C-4E08-91FF-BFF7DFB9172D}
		{2DDC24E6-340E-4548-88CC-6F57DEDDF2B8} = {905839FF-6F27-44BA-A5BD-BF1B9F530E16}
		{4BB9332F-25EF-4A61-9779-220B8583F0D3} = {1B638153-4AB5-4E13-8CE1-4066A0EF12D1}
	EndGlobalSection
	GlobalSection(ExtensibilityGlobals) = postSolution
		SolutionGuid = {B62DF961-D814-40DE-A269-5B1440B3991F}
	EndGlobalSection
EndGlobal
